<?xml version="1.0" encoding="utf-8"?>
<Project ToolsVersion="17.0" xmlns="http://schemas.microsoft.com/developer/msbuild/2003">
  <ItemGroup>
    <ClCompile Include="C:\CODE\A_myself\CodeFile_cpp\TinyRenderer\glad\src\glad.c">
      <Filter>Source Files</Filter>
    </ClCompile>
  </ItemGroup>
  <ItemGroup>
    <ClInclude Include="C:\CODE\A_myself\CodeFile_cpp\TinyRenderer\glad\include\glad\glad.h">
      <Filter>Header Files</Filter>
    </ClInclude>
    <ClInclude Include="C:\CODE\A_myself\CodeFile_cpp\TinyRenderer\glad\include\KHR\khrplatform.h">
      <Filter>Header Files</Filter>
    </ClInclude>
  </ItemGroup>
  <ItemGroup>
    <CustomBuild Include="C:\CODE\A_myself\CodeFile_cpp\TinyRenderer\glad\CMakeLists.txt" />
  </ItemGroup>
  <ItemGroup>
    <Filter Include="Header Files">
      <UniqueIdentifier>{FB2FC784-10F8-3C4E-B0D8-3B6247DF31B3}</UniqueIdentifier>
    </Filter>
    <Filter Include="Source Files">
      <UniqueIdentifier>{0BDC4C68-5CE3-3FB3-8E6C-E3B981D197B8}</UniqueIdentifier>
    </Filter>
  </ItemGroup>
</Project>
